<?xml version="1.0" encoding="utf-8"?>
<Project ToolsVersion="4.0" xmlns="http://schemas.microsoft.com/developer/msbuild/2003">
  <ItemGroup>
    <Filter Include="Source Files">
      <UniqueIdentifier>{737cc509-2137-4cf9-aa00-4d8164b28741}</UniqueIdentifier>
    </Filter>
    <Filter Include="Generated Files">
      <UniqueIdentifier>{3a179989-8bbe-4e0f-bed9-9965dd0d42fd}</UniqueIdentifier>
      <SourceControlFiles>False</SourceControlFiles>
    </Filter>
  </ItemGroup>
  <ItemGroup>
    <None Include="LightjamsSpoutps.def" />
  </ItemGroup>
  <ItemGroup>
    <ClCompile Include="dlldata.c">
      <Filter>Generated Files</Filter>
    </ClCompile>
    <ClCompile Include="LightjamsSpout_i.c" />
    <ClCompile Include="LightjamsSpout_p.c" />
  </ItemGroup>
</Project>